
Microsoft Visual Studio Solution File, Format Version 12.00
# Visual Studio Version 17
VisualStudioVersion = 17.6.33723.286
MinimumVisualStudioVersion = 10.0.40219.1
Project("{FAE04EC0-301F-11D3-BF4B-00C04F79EFBC}") = "SuperHeroAPI", "SuperHeroAPI\SuperHeroAPI.csproj", "{A503E648-A968-4FE0-AA57-EE74CAB7B894}"
EndProject
Global
	GlobalSection(SolutionConfigurationPlatforms) = preSolution
		Debug|Any CPU = Debug|Any CPU
		Release|Any CPU = Release|Any CPU
	EndGlobalSection
	GlobalSection(ProjectConfigurationPlatforms) = postSolution
		{A503E648-A968-4FE0-AA57-EE74CAB7B894}.Debug|Any CPU.ActiveCfg = Debug|Any CPU
		{A503E648-A968-4FE0-AA57-EE74CAB7B894}.Debug|Any CPU.Build.0 = Debug|Any CPU
		{A503E648-A968-4FE0-AA57-EE74CAB7B894}.Release|Any CPU.ActiveCfg = Release|Any CPU
		{A503E648-A968-4FE0-AA57-EE74CAB7B894}.Release|Any CPU.Build.0 = Release|Any CPU
	EndGlobalSection
	GlobalSection(SolutionProperties) = preSolution
		HideSolutionNode = FALSE
	EndGlobalSection
	GlobalSection(ExtensibilityGlobals) = postSolution
		SolutionGuid = {F38B3182-10BC-464A-BCBA-7F6646856D4B}
	EndGlobalSection
EndGlobal
